
Microsoft Visual Studio Solution File, Format Version 11.00
# Visual Studio 2010
Project("{FAE04EC0-301F-11D3-BF4B-00C04F79EFBC}") = "HanoiTowersAR", "Assembly-CSharp.csproj", "{2A90CACF-33A7-AA79-A7C8-1D992328980F}"
EndProject
Project("{FAE04EC0-301F-11D3-BF4B-00C04F79EFBC}") = "HanoiTowersAR", "Assembly-CSharp-Editor.csproj", "{4A651AD2-A086-1C5A-3E0D-4CA29B6A5E11}"
EndProject
Global
	GlobalSection(SolutionConfigurationPlatforms) = preSolution
		Debug|Any CPU = Debug|Any CPU
		Release|Any CPU = Release|Any CPU
	EndGlobalSection
	GlobalSection(ProjectConfigurationPlatforms) = postSolution
		{2A90CACF-33A7-AA79-A7C8-1D992328980F}.Debug|Any CPU.ActiveCfg = Debug|Any CPU
		{2A90CACF-33A7-AA79-A7C8-1D992328980F}.Debug|Any CPU.Build.0 = Debug|Any CPU
		{2A90CACF-33A7-AA79-A7C8-1D992328980F}.Release|Any CPU.ActiveCfg = Release|Any CPU
		{2A90CACF-33A7-AA79-A7C8-1D992328980F}.Release|Any CPU.Build.0 = Release|Any CPU
		{4A651AD2-A086-1C5A-3E0D-4CA29B6A5E11}.Debug|Any CPU.ActiveCfg = Debug|Any CPU
		{4A651AD2-A086-1C5A-3E0D-4CA29B6A5E11}.Debug|Any CPU.Build.0 = Debug|Any CPU
		{4A651AD2-A086-1C5A-3E0D-4CA29B6A5E11}.Release|Any CPU.ActiveCfg = Release|Any CPU
		{4A651AD2-A086-1C5A-3E0D-4CA29B6A5E11}.Release|Any CPU.Build.0 = Release|Any CPU
	EndGlobalSection
	GlobalSection(SolutionProperties) = preSolution
		HideSolutionNode = FALSE
	EndGlobalSection
	GlobalSection(MonoDevelopProperties) = preSolution
		StartupItem = Assembly-CSharp.csproj
	EndGlobalSection
EndGlobal
