
Microsoft Visual Studio Solution File, Format Version 11.00
# Visual Studio 2010
Project("{FAE04EC0-301F-11D3-BF4B-00C04F79EFBC}") = "RetroFps", "Assembly-CSharp.csproj", "{D98B5658-A84E-A211-9A94-C574091610B1}"
EndProject
Project("{FAE04EC0-301F-11D3-BF4B-00C04F79EFBC}") = "RetroFps", "Assembly-CSharp-Editor.csproj", "{574D4A34-EA6C-43CB-062A-D11C0DF656B3}"
EndProject
Global
	GlobalSection(SolutionConfigurationPlatforms) = preSolution
		Debug|Any CPU = Debug|Any CPU
		Release|Any CPU = Release|Any CPU
	EndGlobalSection
	GlobalSection(ProjectConfigurationPlatforms) = postSolution
		{D98B5658-A84E-A211-9A94-C574091610B1}.Debug|Any CPU.ActiveCfg = Debug|Any CPU
		{D98B5658-A84E-A211-9A94-C574091610B1}.Debug|Any CPU.Build.0 = Debug|Any CPU
		{D98B5658-A84E-A211-9A94-C574091610B1}.Release|Any CPU.ActiveCfg = Release|Any CPU
		{D98B5658-A84E-A211-9A94-C574091610B1}.Release|Any CPU.Build.0 = Release|Any CPU
		{574D4A34-EA6C-43CB-062A-D11C0DF656B3}.Debug|Any CPU.ActiveCfg = Debug|Any CPU
		{574D4A34-EA6C-43CB-062A-D11C0DF656B3}.Debug|Any CPU.Build.0 = Debug|Any CPU
		{574D4A34-EA6C-43CB-062A-D11C0DF656B3}.Release|Any CPU.ActiveCfg = Release|Any CPU
		{574D4A34-EA6C-43CB-062A-D11C0DF656B3}.Release|Any CPU.Build.0 = Release|Any CPU
	EndGlobalSection
	GlobalSection(SolutionProperties) = preSolution
		HideSolutionNode = FALSE
	EndGlobalSection
	GlobalSection(MonoDevelopProperties) = preSolution
		StartupItem = Assembly-CSharp.csproj
	EndGlobalSection
EndGlobal
